{
  "name": "ng-async-event",
  "version": "0.0.1",
  "lockfileVersion": 1,
  "requires": true,
  "dependencies": {
    "rx-async-event": {
      "version": "3.1.0",
      "resolved": "https://registry.npmjs.org/rx-async-event/-/rx-async-event-3.1.0.tgz",
      "integrity": "sha512-+Rkvvc2rm9nMENskwJ0MB2adQuRTWCTwfXlDJTuKd1p5F4WFDYZnEp7OcFAmrYJkMe1edGDtabeTP63jCKOeQA=="
    }
  }
}
